
Microsoft Visual Studio Solution File, Format Version 12.00
# Visual Studio Version 17
VisualStudioVersion = 17.14.36511.14 d17.14
MinimumVisualStudioVersion = 10.0.40219.1
Project("{FAE04EC0-301F-11D3-BF4B-00C04F79EFBC}") = "ApiGateway", "ApiGateway\ApiGateway.csproj", "{0BBA41E4-3B21-44C4-8BEF-E0035F939F80}"
EndProject
Global
	GlobalSection(SolutionConfigurationPlatforms) = preSolution
		Debug|Any CPU = Debug|Any CPU
		Release|Any CPU = Release|Any CPU
	EndGlobalSection
	GlobalSection(ProjectConfigurationPlatforms) = postSolution
		{0BBA41E4-3B21-44C4-8BEF-E0035F939F80}.Debug|Any CPU.ActiveCfg = Debug|Any CPU
		{0BBA41E4-3B21-44C4-8BEF-E0035F939F80}.Debug|Any CPU.Build.0 = Debug|Any CPU
		{0BBA41E4-3B21-44C4-8BEF-E0035F939F80}.Release|Any CPU.ActiveCfg = Release|Any CPU
		{0BBA41E4-3B21-44C4-8BEF-E0035F939F80}.Release|Any CPU.Build.0 = Release|Any CPU
	EndGlobalSection
	GlobalSection(SolutionProperties) = preSolution
		HideSolutionNode = FALSE
	EndGlobalSection
	GlobalSection(ExtensibilityGlobals) = postSolution
		SolutionGuid = {840F33FA-9524-4980-9CC7-A583235F108C}
	EndGlobalSection
EndGlobal
